
Microsoft Visual Studio Solution File, Format Version 12.00
# Visual Studio Version 17
VisualStudioVersion = 17.6.33712.159
MinimumVisualStudioVersion = 10.0.40219.1
Project("{9A19103F-16F7-4668-BE54-9A1E7A4F7556}") = "OsuChat", "OsuChat\OsuChat.csproj", "{9F1A3DAB-46BB-4F71-ACA9-DB8CD826E68D}"
EndProject
Project("{FAE04EC0-301F-11D3-BF4B-00C04F79EFBC}") = "ChatWebServer", "ChatWebServer\ChatWebServer.csproj", "{19D2BA8A-912B-4561-823E-BC291F3E044C}"
EndProject
Global
	GlobalSection(SolutionConfigurationPlatforms) = preSolution
		Debug|Any CPU = Debug|Any CPU
		Release|Any CPU = Release|Any CPU
	EndGlobalSection
	GlobalSection(ProjectConfigurationPlatforms) = postSolution
		{9F1A3DAB-46BB-4F71-ACA9-DB8CD826E68D}.Debug|Any CPU.ActiveCfg = Debug|Any CPU
		{9F1A3DAB-46BB-4F71-ACA9-DB8CD826E68D}.Debug|Any CPU.Build.0 = Debug|Any CPU
		{9F1A3DAB-46BB-4F71-ACA9-DB8CD826E68D}.Release|Any CPU.ActiveCfg = Release|Any CPU
		{9F1A3DAB-46BB-4F71-ACA9-DB8CD826E68D}.Release|Any CPU.Build.0 = Release|Any CPU
		{19D2BA8A-912B-4561-823E-BC291F3E044C}.Debug|Any CPU.ActiveCfg = Debug|Any CPU
		{19D2BA8A-912B-4561-823E-BC291F3E044C}.Debug|Any CPU.Build.0 = Debug|Any CPU
		{19D2BA8A-912B-4561-823E-BC291F3E044C}.Release|Any CPU.ActiveCfg = Release|Any CPU
		{19D2BA8A-912B-4561-823E-BC291F3E044C}.Release|Any CPU.Build.0 = Release|Any CPU
	EndGlobalSection
	GlobalSection(SolutionProperties) = preSolution
		HideSolutionNode = FALSE
	EndGlobalSection
	GlobalSection(ExtensibilityGlobals) = postSolution
		SolutionGuid = {BE9777BA-AB22-463C-BEA9-47E0068740EC}
	EndGlobalSection
EndGlobal
